
Microsoft Visual Studio Solution File, Format Version 12.00
# Visual Studio Version 16
VisualStudioVersion = 16.0.30128.74
MinimumVisualStudioVersion = 10.0.40219.1
Project("{9A19103F-16F7-4668-BE54-9A1E7A4F7556}") = "Samples", "Samples\Samples.csproj", "{CC054421-8D8A-4ABC-86BE-499B7F3BEA32}"
EndProject
Project("{FAE04EC0-301F-11D3-BF4B-00C04F79EFBC}") = "Samples.Android", "Samples.Android\Samples.Android.csproj", "{3C0CDEF3-495E-45F4-8B12-0E05EF11295C}"
EndProject
Project("{FAE04EC0-301F-11D3-BF4B-00C04F79EFBC}") = "Samples.iOS", "Samples.iOS\Samples.iOS.csproj", "{AB6242B7-634F-4839-A991-7629D0D2C636}"
EndProject
Global
	GlobalSection(SolutionConfigurationPlatforms) = preSolution
		Debug|Any CPU = Debug|Any CPU
		Debug|iPhone = Debug|iPhone
		Debug|iPhoneSimulator = Debug|iPhoneSimulator
		Release|Any CPU = Release|Any CPU
		Release|iPhone = Release|iPhone
		Release|iPhoneSimulator = Release|iPhoneSimulator
		Samples|Any CPU = Samples|Any CPU
		Samples|iPhone = Samples|iPhone
		Samples|iPhoneSimulator = Samples|iPhoneSimulator
	EndGlobalSection
	GlobalSection(ProjectConfigurationPlatforms) = postSolution
		{CC054421-8D8A-4ABC-86BE-499B7F3BEA32}.Debug|Any CPU.ActiveCfg = Debug|Any CPU
		{CC054421-8D8A-4ABC-86BE-499B7F3BEA32}.Debug|Any CPU.Build.0 = Debug|Any CPU
		{CC054421-8D8A-4ABC-86BE-499B7F3BEA32}.Debug|iPhone.ActiveCfg = Debug|Any CPU
		{CC054421-8D8A-4ABC-86BE-499B7F3BEA32}.Debug|iPhone.Build.0 = Debug|Any CPU
		{CC054421-8D8A-4ABC-86BE-499B7F3BEA32}.Debug|iPhoneSimulator.ActiveCfg = Debug|Any CPU
		{CC054421-8D8A-4ABC-86BE-499B7F3BEA32}.Debug|iPhoneSimulator.Build.0 = Debug|Any CPU
		{CC054421-8D8A-4ABC-86BE-499B7F3BEA32}.Release|Any CPU.ActiveCfg = Release|Any CPU
		{CC054421-8D8A-4ABC-86BE-499B7F3BEA32}.Release|Any CPU.Build.0 = Release|Any CPU
		{CC054421-8D8A-4ABC-86BE-499B7F3BEA32}.Release|iPhone.ActiveCfg = Release|Any CPU
		{CC054421-8D8A-4ABC-86BE-499B7F3BEA32}.Release|iPhone.Build.0 = Release|Any CPU
		{CC054421-8D8A-4ABC-86BE-499B7F3BEA32}.Release|iPhoneSimulator.ActiveCfg = Release|Any CPU
		{CC054421-8D8A-4ABC-86BE-499B7F3BEA32}.Release|iPhoneSimulator.Build.0 = Release|Any CPU
		{CC054421-8D8A-4ABC-86BE-499B7F3BEA32}.Samples|Any CPU.ActiveCfg = Release|Any CPU
		{CC054421-8D8A-4ABC-86BE-499B7F3BEA32}.Samples|Any CPU.Build.0 = Release|Any CPU
		{CC054421-8D8A-4ABC-86BE-499B7F3BEA32}.Samples|iPhone.ActiveCfg = Release|Any CPU
		{CC054421-8D8A-4ABC-86BE-499B7F3BEA32}.Samples|iPhone.Build.0 = Release|Any CPU
		{CC054421-8D8A-4ABC-86BE-499B7F3BEA32}.Samples|iPhoneSimulator.ActiveCfg = Release|Any CPU
		{CC054421-8D8A-4ABC-86BE-499B7F3BEA32}.Samples|iPhoneSimulator.Build.0 = Release|Any CPU
		{3C0CDEF3-495E-45F4-8B12-0E05EF11295C}.Debug|Any CPU.ActiveCfg = Debug|Any CPU
		{3C0CDEF3-495E-45F4-8B12-0E05EF11295C}.Debug|Any CPU.Build.0 = Debug|Any CPU
		{3C0CDEF3-495E-45F4-8B12-0E05EF11295C}.Debug|Any CPU.Deploy.0 = Debug|Any CPU
		{3C0CDEF3-495E-45F4-8B12-0E05EF11295C}.Debug|iPhone.ActiveCfg = Debug|Any CPU
		{3C0CDEF3-495E-45F4-8B12-0E05EF11295C}.Debug|iPhone.Build.0 = Debug|Any CPU
		{3C0CDEF3-495E-45F4-8B12-0E05EF11295C}.Debug|iPhone.Deploy.0 = Debug|Any CPU
		{3C0CDEF3-495E-45F4-8B12-0E05EF11295C}.Debug|iPhoneSimulator.ActiveCfg = Debug|Any CPU
		{3C0CDEF3-495E-45F4-8B12-0E05EF11295C}.Debug|iPhoneSimulator.Build.0 = Debug|Any CPU
		{3C0CDEF3-495E-45F4-8B12-0E05EF11295C}.Debug|iPhoneSimulator.Deploy.0 = Debug|Any CPU
		{3C0CDEF3-495E-45F4-8B12-0E05EF11295C}.Release|Any CPU.ActiveCfg = Release|Any CPU
		{3C0CDEF3-495E-45F4-8B12-0E05EF11295C}.Release|Any CPU.Build.0 = Release|Any CPU
		{3C0CDEF3-495E-45F4-8B12-0E05EF11295C}.Release|Any CPU.Deploy.0 = Release|Any CPU
		{3C0CDEF3-495E-45F4-8B12-0E05EF11295C}.Release|iPhone.ActiveCfg = Release|Any CPU
		{3C0CDEF3-495E-45F4-8B12-0E05EF11295C}.Release|iPhone.Build.0 = Release|Any CPU
		{3C0CDEF3-495E-45F4-8B12-0E05EF11295C}.Release|iPhone.Deploy.0 = Release|Any CPU
		{3C0CDEF3-495E-45F4-8B12-0E05EF11295C}.Release|iPhoneSimulator.ActiveCfg = Release|Any CPU
		{3C0CDEF3-495E-45F4-8B12-0E05EF11295C}.Release|iPhoneSimulator.Build.0 = Release|Any CPU
		{3C0CDEF3-495E-45F4-8B12-0E05EF11295C}.Release|iPhoneSimulator.Deploy.0 = Release|Any CPU
		{3C0CDEF3-495E-45F4-8B12-0E05EF11295C}.Samples|Any CPU.ActiveCfg = Release|Any CPU
		{3C0CDEF3-495E-45F4-8B12-0E05EF11295C}.Samples|Any CPU.Build.0 = Release|Any CPU
		{3C0CDEF3-495E-45F4-8B12-0E05EF11295C}.Samples|Any CPU.Deploy.0 = Release|Any CPU
		{3C0CDEF3-495E-45F4-8B12-0E05EF11295C}.Samples|iPhone.ActiveCfg = Release|Any CPU
		{3C0CDEF3-495E-45F4-8B12-0E05EF11295C}.Samples|iPhone.Build.0 = Release|Any CPU
		{3C0CDEF3-495E-45F4-8B12-0E05EF11295C}.Samples|iPhone.Deploy.0 = Release|Any CPU
		{3C0CDEF3-495E-45F4-8B12-0E05EF11295C}.Samples|iPhoneSimulator.ActiveCfg = Release|Any CPU
		{3C0CDEF3-495E-45F4-8B12-0E05EF11295C}.Samples|iPhoneSimulator.Build.0 = Release|Any CPU
		{3C0CDEF3-495E-45F4-8B12-0E05EF11295C}.Samples|iPhoneSimulator.Deploy.0 = Release|Any CPU
		{AB6242B7-634F-4839-A991-7629D0D2C636}.Debug|Any CPU.ActiveCfg = Debug|iPhone
		{AB6242B7-634F-4839-A991-7629D0D2C636}.Debug|iPhone.ActiveCfg = Debug|iPhone
		{AB6242B7-634F-4839-A991-7629D0D2C636}.Debug|iPhone.Build.0 = Debug|iPhone
		{AB6242B7-634F-4839-A991-7629D0D2C636}.Debug|iPhoneSimulator.ActiveCfg = Debug|iPhoneSimulator
		{AB6242B7-634F-4839-A991-7629D0D2C636}.Debug|iPhoneSimulator.Build.0 = Debug|iPhoneSimulator
		{AB6242B7-634F-4839-A991-7629D0D2C636}.Release|Any CPU.ActiveCfg = Release|iPhone
		{AB6242B7-634F-4839-A991-7629D0D2C636}.Release|iPhone.ActiveCfg = Release|iPhone
		{AB6242B7-634F-4839-A991-7629D0D2C636}.Release|iPhone.Build.0 = Release|iPhone
		{AB6242B7-634F-4839-A991-7629D0D2C636}.Release|iPhoneSimulator.ActiveCfg = Release|iPhoneSimulator
		{AB6242B7-634F-4839-A991-7629D0D2C636}.Release|iPhoneSimulator.Build.0 = Release|iPhoneSimulator
		{AB6242B7-634F-4839-A991-7629D0D2C636}.Samples|Any CPU.ActiveCfg = Release|iPhoneSimulator
		{AB6242B7-634F-4839-A991-7629D0D2C636}.Samples|Any CPU.Build.0 = Release|iPhoneSimulator
		{AB6242B7-634F-4839-A991-7629D0D2C636}.Samples|Any CPU.Deploy.0 = Release|iPhoneSimulator
		{AB6242B7-634F-4839-A991-7629D0D2C636}.Samples|iPhone.ActiveCfg = Release|iPhone
		{AB6242B7-634F-4839-A991-7629D0D2C636}.Samples|iPhone.Build.0 = Release|iPhone
		{AB6242B7-634F-4839-A991-7629D0D2C636}.Samples|iPhone.Deploy.0 = Release|iPhone
		{AB6242B7-634F-4839-A991-7629D0D2C636}.Samples|iPhoneSimulator.ActiveCfg = Release|iPhoneSimulator
		{AB6242B7-634F-4839-A991-7629D0D2C636}.Samples|iPhoneSimulator.Build.0 = Release|iPhoneSimulator
		{AB6242B7-634F-4839-A991-7629D0D2C636}.Samples|iPhoneSimulator.Deploy.0 = Release|iPhoneSimulator
	EndGlobalSection
	GlobalSection(SolutionProperties) = preSolution
		HideSolutionNode = FALSE
	EndGlobalSection
	GlobalSection(ExtensibilityGlobals) = postSolution
		SolutionGuid = {105B0052-C7EA-44D0-8697-37A45E1392AF}
	EndGlobalSection
EndGlobal
