
Microsoft Visual Studio Solution File, Format Version 12.00
# Visual Studio 15
VisualStudioVersion = 15.0.27130.2036
MinimumVisualStudioVersion = 10.0.40219.1
Project("{9A19103F-16F7-4668-BE54-9A1E7A4F7556}") = "Samples", "Samples\Samples.csproj", "{CC054421-8D8A-4ABC-86BE-499B7F3BEA32}"
EndProject
Project("{FAE04EC0-301F-11D3-BF4B-00C04F79EFBC}") = "Samples.Android", "Samples.Android\Samples.Android.csproj", "{C1CD30D3-52CA-4F8E-8499-BE88567CA2F8}"
EndProject
Project("{FAE04EC0-301F-11D3-BF4B-00C04F79EFBC}") = "Samples.iOS", "Samples.iOS\Samples.iOS.csproj", "{E2571C97-C048-4F91-8BB3-546CF7410C4C}"
EndProject
Global
	GlobalSection(SolutionConfigurationPlatforms) = preSolution
		Debug|Any CPU = Debug|Any CPU
		Debug|iPhone = Debug|iPhone
		Debug|iPhoneSimulator = Debug|iPhoneSimulator
		Release|Any CPU = Release|Any CPU
		Release|iPhone = Release|iPhone
		Release|iPhoneSimulator = Release|iPhoneSimulator
		Samples|Any CPU = Samples|Any CPU
		Samples|iPhone = Samples|iPhone
		Samples|iPhoneSimulator = Samples|iPhoneSimulator
	EndGlobalSection
	GlobalSection(ProjectConfigurationPlatforms) = postSolution
		{CC054421-8D8A-4ABC-86BE-499B7F3BEA32}.Debug|Any CPU.ActiveCfg = Debug|Any CPU
		{CC054421-8D8A-4ABC-86BE-499B7F3BEA32}.Debug|Any CPU.Build.0 = Debug|Any CPU
		{CC054421-8D8A-4ABC-86BE-499B7F3BEA32}.Debug|iPhone.ActiveCfg = Debug|Any CPU
		{CC054421-8D8A-4ABC-86BE-499B7F3BEA32}.Debug|iPhone.Build.0 = Debug|Any CPU
		{CC054421-8D8A-4ABC-86BE-499B7F3BEA32}.Debug|iPhoneSimulator.ActiveCfg = Debug|Any CPU
		{CC054421-8D8A-4ABC-86BE-499B7F3BEA32}.Debug|iPhoneSimulator.Build.0 = Debug|Any CPU
		{CC054421-8D8A-4ABC-86BE-499B7F3BEA32}.Release|Any CPU.ActiveCfg = Release|Any CPU
		{CC054421-8D8A-4ABC-86BE-499B7F3BEA32}.Release|Any CPU.Build.0 = Release|Any CPU
		{CC054421-8D8A-4ABC-86BE-499B7F3BEA32}.Release|iPhone.ActiveCfg = Release|Any CPU
		{CC054421-8D8A-4ABC-86BE-499B7F3BEA32}.Release|iPhone.Build.0 = Release|Any CPU
		{CC054421-8D8A-4ABC-86BE-499B7F3BEA32}.Release|iPhoneSimulator.ActiveCfg = Release|Any CPU
		{CC054421-8D8A-4ABC-86BE-499B7F3BEA32}.Release|iPhoneSimulator.Build.0 = Release|Any CPU
		{CC054421-8D8A-4ABC-86BE-499B7F3BEA32}.Samples|Any CPU.ActiveCfg = Samples|Any CPU
		{CC054421-8D8A-4ABC-86BE-499B7F3BEA32}.Samples|Any CPU.Build.0 = Samples|Any CPU
		{CC054421-8D8A-4ABC-86BE-499B7F3BEA32}.Samples|iPhone.ActiveCfg = Samples|Any CPU
		{CC054421-8D8A-4ABC-86BE-499B7F3BEA32}.Samples|iPhone.Build.0 = Samples|Any CPU
		{CC054421-8D8A-4ABC-86BE-499B7F3BEA32}.Samples|iPhoneSimulator.ActiveCfg = Samples|Any CPU
		{CC054421-8D8A-4ABC-86BE-499B7F3BEA32}.Samples|iPhoneSimulator.Build.0 = Samples|Any CPU
		{C1CD30D3-52CA-4F8E-8499-BE88567CA2F8}.Debug|Any CPU.ActiveCfg = Debug|Any CPU
		{C1CD30D3-52CA-4F8E-8499-BE88567CA2F8}.Debug|Any CPU.Build.0 = Debug|Any CPU
		{C1CD30D3-52CA-4F8E-8499-BE88567CA2F8}.Debug|Any CPU.Deploy.0 = Debug|Any CPU
		{C1CD30D3-52CA-4F8E-8499-BE88567CA2F8}.Debug|iPhone.ActiveCfg = Debug|Any CPU
		{C1CD30D3-52CA-4F8E-8499-BE88567CA2F8}.Debug|iPhone.Build.0 = Debug|Any CPU
		{C1CD30D3-52CA-4F8E-8499-BE88567CA2F8}.Debug|iPhone.Deploy.0 = Debug|Any CPU
		{C1CD30D3-52CA-4F8E-8499-BE88567CA2F8}.Debug|iPhoneSimulator.ActiveCfg = Debug|Any CPU
		{C1CD30D3-52CA-4F8E-8499-BE88567CA2F8}.Debug|iPhoneSimulator.Build.0 = Debug|Any CPU
		{C1CD30D3-52CA-4F8E-8499-BE88567CA2F8}.Debug|iPhoneSimulator.Deploy.0 = Debug|Any CPU
		{C1CD30D3-52CA-4F8E-8499-BE88567CA2F8}.Release|Any CPU.ActiveCfg = Release|Any CPU
		{C1CD30D3-52CA-4F8E-8499-BE88567CA2F8}.Release|Any CPU.Build.0 = Release|Any CPU
		{C1CD30D3-52CA-4F8E-8499-BE88567CA2F8}.Release|Any CPU.Deploy.0 = Release|Any CPU
		{C1CD30D3-52CA-4F8E-8499-BE88567CA2F8}.Release|iPhone.ActiveCfg = Release|Any CPU
		{C1CD30D3-52CA-4F8E-8499-BE88567CA2F8}.Release|iPhone.Build.0 = Release|Any CPU
		{C1CD30D3-52CA-4F8E-8499-BE88567CA2F8}.Release|iPhone.Deploy.0 = Release|Any CPU
		{C1CD30D3-52CA-4F8E-8499-BE88567CA2F8}.Release|iPhoneSimulator.ActiveCfg = Release|Any CPU
		{C1CD30D3-52CA-4F8E-8499-BE88567CA2F8}.Release|iPhoneSimulator.Build.0 = Release|Any CPU
		{C1CD30D3-52CA-4F8E-8499-BE88567CA2F8}.Release|iPhoneSimulator.Deploy.0 = Release|Any CPU
		{C1CD30D3-52CA-4F8E-8499-BE88567CA2F8}.Samples|Any CPU.ActiveCfg = Samples|Any CPU
		{C1CD30D3-52CA-4F8E-8499-BE88567CA2F8}.Samples|Any CPU.Build.0 = Samples|Any CPU
		{C1CD30D3-52CA-4F8E-8499-BE88567CA2F8}.Samples|Any CPU.Deploy.0 = Samples|Any CPU
		{C1CD30D3-52CA-4F8E-8499-BE88567CA2F8}.Samples|iPhone.ActiveCfg = Samples|Any CPU
		{C1CD30D3-52CA-4F8E-8499-BE88567CA2F8}.Samples|iPhone.Build.0 = Samples|Any CPU
		{C1CD30D3-52CA-4F8E-8499-BE88567CA2F8}.Samples|iPhone.Deploy.0 = Samples|Any CPU
		{C1CD30D3-52CA-4F8E-8499-BE88567CA2F8}.Samples|iPhoneSimulator.ActiveCfg = Samples|Any CPU
		{C1CD30D3-52CA-4F8E-8499-BE88567CA2F8}.Samples|iPhoneSimulator.Build.0 = Samples|Any CPU
		{C1CD30D3-52CA-4F8E-8499-BE88567CA2F8}.Samples|iPhoneSimulator.Deploy.0 = Samples|Any CPU
		{E2571C97-C048-4F91-8BB3-546CF7410C4C}.Debug|Any CPU.ActiveCfg = Debug|iPhone
		{E2571C97-C048-4F91-8BB3-546CF7410C4C}.Debug|iPhone.ActiveCfg = Debug|iPhone
		{E2571C97-C048-4F91-8BB3-546CF7410C4C}.Debug|iPhone.Build.0 = Debug|iPhone
		{E2571C97-C048-4F91-8BB3-546CF7410C4C}.Debug|iPhoneSimulator.ActiveCfg = Debug|iPhoneSimulator
		{E2571C97-C048-4F91-8BB3-546CF7410C4C}.Debug|iPhoneSimulator.Build.0 = Debug|iPhoneSimulator
		{E2571C97-C048-4F91-8BB3-546CF7410C4C}.Release|Any CPU.ActiveCfg = Release|iPhone
		{E2571C97-C048-4F91-8BB3-546CF7410C4C}.Release|iPhone.ActiveCfg = Release|iPhone
		{E2571C97-C048-4F91-8BB3-546CF7410C4C}.Release|iPhone.Build.0 = Release|iPhone
		{E2571C97-C048-4F91-8BB3-546CF7410C4C}.Release|iPhoneSimulator.ActiveCfg = Release|iPhoneSimulator
		{E2571C97-C048-4F91-8BB3-546CF7410C4C}.Release|iPhoneSimulator.Build.0 = Release|iPhoneSimulator
		{E2571C97-C048-4F91-8BB3-546CF7410C4C}.Samples|Any CPU.ActiveCfg = Samples|iPhone
		{E2571C97-C048-4F91-8BB3-546CF7410C4C}.Samples|iPhone.ActiveCfg = Samples|iPhone
		{E2571C97-C048-4F91-8BB3-546CF7410C4C}.Samples|iPhone.Build.0 = Samples|iPhone
		{E2571C97-C048-4F91-8BB3-546CF7410C4C}.Samples|iPhoneSimulator.ActiveCfg = Samples|iPhoneSimulator
		{E2571C97-C048-4F91-8BB3-546CF7410C4C}.Samples|iPhoneSimulator.Build.0 = Samples|iPhoneSimulator
	EndGlobalSection
	GlobalSection(SolutionProperties) = preSolution
		HideSolutionNode = FALSE
	EndGlobalSection
	GlobalSection(ExtensibilityGlobals) = postSolution
		SolutionGuid = {105B0052-C7EA-44D0-8697-37A45E1392AF}
	EndGlobalSection
EndGlobal
